// !$*UTF8*$!
{
	archiveVersion = 1;
	classes = {
	};
	objectVersion = 50;
	objects = {

/* Begin PBXBuildFile section */
		8098B570238A5A0C00DDCED6 /* AppDelegate.swift in Sources */ = {isa = PBXBuildFile; fileRef = 8098B56F238A5A0C00DDCED6 /* AppDelegate.swift */; };
		8098B572238A5A0C00DDCED6 /* SceneDelegate.swift in Sources */ = {isa = PBXBuildFile; fileRef = 8098B571238A5A0C00DDCED6 /* SceneDelegate.swift */; };
		8098B574238A5A0C00DDCED6 /* ViewController.swift in Sources */ = {isa = PBXBuildFile; fileRef = 8098B573238A5A0C00DDCED6 /* ViewController.swift */; };
		8098B577238A5A0C00DDCED6 /* Main.storyboard in Resources */ = {isa = PBXBuildFile; fileRef = 8098B575238A5A0C00DDCED6 /* Main.storyboard */; };
		8098B579238A5A0E00DDCED6 /* Assets.xcassets in Resources */ = {isa = PBXBuildFile; fileRef = 8098B578238A5A0E00DDCED6 /* Assets.xcassets */; };
		8098B57C238A5A0E00DDCED6 /* LaunchScreen.storyboard in Resources */ = {isa = PBXBuildFile; fileRef = 8098B57A238A5A0E00DDCED6 /* LaunchScreen.storyboard */; };
		8098B5B3238A5F2F00DDCED6 /* IRL-Large.jpg in Resources */ = {isa = PBXBuildFile; fileRef = 8098B583238A5F2A00DDCED6 /* IRL-Large.jpg */; };
		8098B5B4238A5F2F00DDCED6 /* BRB-Thumb@3x.jpg in Resources */ = {isa = PBXBuildFile; fileRef = 8098B584238A5F2A00DDCED6 /* BRB-Thumb@3x.jpg */; };
		8098B5B5238A5F2F00DDCED6 /* LOL-Thumb@2x.jpg in Resources */ = {isa = PBXBuildFile; fileRef = 8098B585238A5F2A00DDCED6 /* LOL-Thumb@2x.jpg */; };
		8098B5B6238A5F2F00DDCED6 /* TLDR-Thumb@3x.jpg in Resources */ = {isa = PBXBuildFile; fileRef = 8098B586238A5F2A00DDCED6 /* TLDR-Thumb@3x.jpg */; };
		8098B5B7238A5F2F00DDCED6 /* IRL-Thumb.jpg in Resources */ = {isa = PBXBuildFile; fileRef = 8098B587238A5F2B00DDCED6 /* IRL-Thumb.jpg */; };
		8098B5B8238A5F2F00DDCED6 /* WTF-Thumb@2x.jpg in Resources */ = {isa = PBXBuildFile; fileRef = 8098B588238A5F2B00DDCED6 /* WTF-Thumb@2x.jpg */; };
		8098B5B9238A5F2F00DDCED6 /* LMAO-Thumb.jpg in Resources */ = {isa = PBXBuildFile; fileRef = 8098B589238A5F2B00DDCED6 /* LMAO-Thumb.jpg */; };
		8098B5BA238A5F2F00DDCED6 /* LMAO-Thumb@3x.jpg in Resources */ = {isa = PBXBuildFile; fileRef = 8098B58A238A5F2B00DDCED6 /* LMAO-Thumb@3x.jpg */; };
		8098B5BB238A5F2F00DDCED6 /* RTFM-Thumb@2x.jpg in Resources */ = {isa = PBXBuildFile; fileRef = 8098B58B238A5F2B00DDCED6 /* RTFM-Thumb@2x.jpg */; };
		8098B5BC238A5F2F00DDCED6 /* WTF-Large.jpg in Resources */ = {isa = PBXBuildFile; fileRef = 8098B58C238A5F2B00DDCED6 /* WTF-Large.jpg */; };
		8098B5BD238A5F2F00DDCED6 /* IDK-Thumb@2x.jpg in Resources */ = {isa = PBXBuildFile; fileRef = 8098B58D238A5F2B00DDCED6 /* IDK-Thumb@2x.jpg */; };
		8098B5BE238A5F2F00DDCED6 /* TLDR-Thumb.jpg in Resources */ = {isa = PBXBuildFile; fileRef = 8098B58E238A5F2B00DDCED6 /* TLDR-Thumb.jpg */; };
		8098B5BF238A5F2F00DDCED6 /* BRB-Thumb.jpg in Resources */ = {isa = PBXBuildFile; fileRef = 8098B58F238A5F2B00DDCED6 /* BRB-Thumb.jpg */; };
		8098B5C0238A5F2F00DDCED6 /* ROFL-Thumb@2x.jpg in Resources */ = {isa = PBXBuildFile; fileRef = 8098B590238A5F2B00DDCED6 /* ROFL-Thumb@2x.jpg */; };
		8098B5C1238A5F2F00DDCED6 /* IMHO-Large.jpg in Resources */ = {isa = PBXBuildFile; fileRef = 8098B591238A5F2B00DDCED6 /* IMHO-Large.jpg */; };
		8098B5C2238A5F2F00DDCED6 /* OMG-Thumb.jpg in Resources */ = {isa = PBXBuildFile; fileRef = 8098B592238A5F2B00DDCED6 /* OMG-Thumb.jpg */; };
		8098B5C3238A5F2F00DDCED6 /* LOL-Thumb.jpg in Resources */ = {isa = PBXBuildFile; fileRef = 8098B593238A5F2B00DDCED6 /* LOL-Thumb.jpg */; };
		8098B5C4238A5F2F00DDCED6 /* IDK-Thumb@3x.jpg in Resources */ = {isa = PBXBuildFile; fileRef = 8098B594238A5F2B00DDCED6 /* IDK-Thumb@3x.jpg */; };
		8098B5C5238A5F2F00DDCED6 /* BRB-Large.jpg in Resources */ = {isa = PBXBuildFile; fileRef = 8098B595238A5F2B00DDCED6 /* BRB-Large.jpg */; };
		8098B5C6238A5F2F00DDCED6 /* RTFM-Large.jpg in Resources */ = {isa = PBXBuildFile; fileRef = 8098B596238A5F2B00DDCED6 /* RTFM-Large.jpg */; };
		8098B5C7238A5F2F00DDCED6 /* TLDR-Large.jpg in Resources */ = {isa = PBXBuildFile; fileRef = 8098B597238A5F2B00DDCED6 /* TLDR-Large.jpg */; };
		8098B5C8238A5F2F00DDCED6 /* WTF-Thumb.jpg in Resources */ = {isa = PBXBuildFile; fileRef = 8098B598238A5F2C00DDCED6 /* WTF-Thumb.jpg */; };
		8098B5C9238A5F2F00DDCED6 /* LMAO-Thumb@2x.jpg in Resources */ = {isa = PBXBuildFile; fileRef = 8098B599238A5F2C00DDCED6 /* LMAO-Thumb@2x.jpg */; };
		8098B5CA238A5F2F00DDCED6 /* IMHO-Thumb@3x.jpg in Resources */ = {isa = PBXBuildFile; fileRef = 8098B59A238A5F2C00DDCED6 /* IMHO-Thumb@3x.jpg */; };
		8098B5CB238A5F2F00DDCED6 /* WTF-Thumb@3x.jpg in Resources */ = {isa = PBXBuildFile; fileRef = 8098B59B238A5F2C00DDCED6 /* WTF-Thumb@3x.jpg */; };
		8098B5CC238A5F2F00DDCED6 /* LOL-Thumb@3x.jpg in Resources */ = {isa = PBXBuildFile; fileRef = 8098B59C238A5F2C00DDCED6 /* LOL-Thumb@3x.jpg */; };
		8098B5CD238A5F2F00DDCED6 /* ROFL-Thumb.jpg in Resources */ = {isa = PBXBuildFile; fileRef = 8098B59D238A5F2C00DDCED6 /* ROFL-Thumb.jpg */; };
		8098B5CE238A5F2F00DDCED6 /* IDK-Large.jpg in Resources */ = {isa = PBXBuildFile; fileRef = 8098B59E238A5F2C00DDCED6 /* IDK-Large.jpg */; };
		8098B5CF238A5F2F00DDCED6 /* BTW-Thumb.jpg in Resources */ = {isa = PBXBuildFile; fileRef = 8098B59F238A5F2C00DDCED6 /* BTW-Thumb.jpg */; };
		8098B5D0238A5F2F00DDCED6 /* BTW-Thumb@2x.jpg in Resources */ = {isa = PBXBuildFile; fileRef = 8098B5A0238A5F2C00DDCED6 /* BTW-Thumb@2x.jpg */; };
		8098B5D1238A5F2F00DDCED6 /* OMG-Thumb@2x.jpg in Resources */ = {isa = PBXBuildFile; fileRef = 8098B5A1238A5F2C00DDCED6 /* OMG-Thumb@2x.jpg */; };
		8098B5D2238A5F2F00DDCED6 /* ROFL-Large.jpg in Resources */ = {isa = PBXBuildFile; fileRef = 8098B5A2238A5F2C00DDCED6 /* ROFL-Large.jpg */; };
		8098B5D3238A5F2F00DDCED6 /* ROFL-Thumb@3x.jpg in Resources */ = {isa = PBXBuildFile; fileRef = 8098B5A3238A5F2C00DDCED6 /* ROFL-Thumb@3x.jpg */; };
		8098B5D4238A5F2F00DDCED6 /* IDK-Thumb.jpg in Resources */ = {isa = PBXBuildFile; fileRef = 8098B5A4238A5F2C00DDCED6 /* IDK-Thumb.jpg */; };
		8098B5D5238A5F2F00DDCED6 /* IRL-Thumb@2x.jpg in Resources */ = {isa = PBXBuildFile; fileRef = 8098B5A5238A5F2D00DDCED6 /* IRL-Thumb@2x.jpg */; };
		8098B5D6238A5F2F00DDCED6 /* LOL-Large.jpg in Resources */ = {isa = PBXBuildFile; fileRef = 8098B5A6238A5F2D00DDCED6 /* LOL-Large.jpg */; };
		8098B5D7238A5F2F00DDCED6 /* RTFM-Thumb@3x.jpg in Resources */ = {isa = PBXBuildFile; fileRef = 8098B5A7238A5F2D00DDCED6 /* RTFM-Thumb@3x.jpg */; };
		8098B5D8238A5F2F00DDCED6 /* TLDR-Thumb@2x.jpg in Resources */ = {isa = PBXBuildFile; fileRef = 8098B5A8238A5F2D00DDCED6 /* TLDR-Thumb@2x.jpg */; };
		8098B5D9238A5F2F00DDCED6 /* OMG-Large.jpg in Resources */ = {isa = PBXBuildFile; fileRef = 8098B5A9238A5F2D00DDCED6 /* OMG-Large.jpg */; };
		8098B5DA238A5F2F00DDCED6 /* IRL-Thumb@3x.jpg in Resources */ = {isa = PBXBuildFile; fileRef = 8098B5AA238A5F2D00DDCED6 /* IRL-Thumb@3x.jpg */; };
		8098B5DB238A5F2F00DDCED6 /* LMAO-Large.jpg in Resources */ = {isa = PBXBuildFile; fileRef = 8098B5AB238A5F2D00DDCED6 /* LMAO-Large.jpg */; };
		8098B5DC238A5F2F00DDCED6 /* BTW-Large.jpg in Resources */ = {isa = PBXBuildFile; fileRef = 8098B5AC238A5F2D00DDCED6 /* BTW-Large.jpg */; };
		8098B5DD238A5F2F00DDCED6 /* RTFM-Thumb.jpg in Resources */ = {isa = PBXBuildFile; fileRef = 8098B5AD238A5F2E00DDCED6 /* RTFM-Thumb.jpg */; };
		8098B5DE238A5F2F00DDCED6 /* OMG-Thumb@3x.jpg in Resources */ = {isa = PBXBuildFile; fileRef = 8098B5AE238A5F2E00DDCED6 /* OMG-Thumb@3x.jpg */; };
		8098B5DF238A5F2F00DDCED6 /* BRB-Thumb@2x.jpg in Resources */ = {isa = PBXBuildFile; fileRef = 8098B5AF238A5F2E00DDCED6 /* BRB-Thumb@2x.jpg */; };
		8098B5E0238A5F2F00DDCED6 /* IMHO-Thumb.jpg in Resources */ = {isa = PBXBuildFile; fileRef = 8098B5B0238A5F2E00DDCED6 /* IMHO-Thumb.jpg */; };
		8098B5E1238A5F2F00DDCED6 /* IMHO-Thumb@2x.jpg in Resources */ = {isa = PBXBuildFile; fileRef = 8098B5B1238A5F2E00DDCED6 /* IMHO-Thumb@2x.jpg */; };
		8098B5E2238A5F2F00DDCED6 /* BTW-Thumb@3x.jpg in Resources */ = {isa = PBXBuildFile; fileRef = 8098B5B2238A5F2E00DDCED6 /* BTW-Thumb@3x.jpg */; };
/* End PBXBuildFile section */

/* Begin PBXFileReference section */
		8098B56C238A5A0C00DDCED6 /* ImageTable.app */ = {isa = PBXFileReference; explicitFileType = wrapper.application; includeInIndex = 0; path = ImageTable.app; sourceTree = BUILT_PRODUCTS_DIR; };
		8098B56F238A5A0C00DDCED6 /* AppDelegate.swift */ = {isa = PBXFileReference; lastKnownFileType = sourcecode.swift; path = AppDelegate.swift; sourceTree = "<group>"; };
		8098B571238A5A0C00DDCED6 /* SceneDelegate.swift */ = {isa = PBXFileReference; lastKnownFileType = sourcecode.swift; path = SceneDelegate.swift; sourceTree = "<group>"; };
		8098B573238A5A0C00DDCED6 /* ViewController.swift */ = {isa = PBXFileReference; lastKnownFileType = sourcecode.swift; path = ViewController.swift; sourceTree = "<group>"; };
		8098B576238A5A0C00DDCED6 /* Base */ = {isa = PBXFileReference; lastKnownFileType = file.storyboard; name = Base; path = Base.lproj/Main.storyboard; sourceTree = "<group>"; };
		8098B578238A5A0E00DDCED6 /* Assets.xcassets */ = {isa = PBXFileReference; lastKnownFileType = folder.assetcatalog; path = Assets.xcassets; sourceTree = "<group>"; };
		8098B57B238A5A0E00DDCED6 /* Base */ = {isa = PBXFileReference; lastKnownFileType = file.storyboard; name = Base; path = Base.lproj/LaunchScreen.storyboard; sourceTree = "<group>"; };
		8098B57D238A5A0E00DDCED6 /* Info.plist */ = {isa = PBXFileReference; lastKnownFileType = text.plist.xml; path = Info.plist; sourceTree = "<group>"; };
		8098B583238A5F2A00DDCED6 /* IRL-Large.jpg */ = {isa = PBXFileReference; lastKnownFileType = image.jpeg; path = "IRL-Large.jpg"; sourceTree = "<group>"; };
		8098B584238A5F2A00DDCED6 /* BRB-Thumb@3x.jpg */ = {isa = PBXFileReference; lastKnownFileType = image.jpeg; path = "BRB-Thumb@3x.jpg"; sourceTree = "<group>"; };
		8098B585238A5F2A00DDCED6 /* LOL-Thumb@2x.jpg */ = {isa = PBXFileReference; lastKnownFileType = image.jpeg; path = "LOL-Thumb@2x.jpg"; sourceTree = "<group>"; };
		8098B586238A5F2A00DDCED6 /* TLDR-Thumb@3x.jpg */ = {isa = PBXFileReference; lastKnownFileType = image.jpeg; path = "TLDR-Thumb@3x.jpg"; sourceTree = "<group>"; };
		8098B587238A5F2B00DDCED6 /* IRL-Thumb.jpg */ = {isa = PBXFileReference; lastKnownFileType = image.jpeg; path = "IRL-Thumb.jpg"; sourceTree = "<group>"; };
		8098B588238A5F2B00DDCED6 /* WTF-Thumb@2x.jpg */ = {isa = PBXFileReference; lastKnownFileType = image.jpeg; path = "WTF-Thumb@2x.jpg"; sourceTree = "<group>"; };
		8098B589238A5F2B00DDCED6 /* LMAO-Thumb.jpg */ = {isa = PBXFileReference; lastKnownFileType = image.jpeg; path = "LMAO-Thumb.jpg"; sourceTree = "<group>"; };
		8098B58A238A5F2B00DDCED6 /* LMAO-Thumb@3x.jpg */ = {isa = PBXFileReference; lastKnownFileType = image.jpeg; path = "LMAO-Thumb@3x.jpg"; sourceTree = "<group>"; };
		8098B58B238A5F2B00DDCED6 /* RTFM-Thumb@2x.jpg */ = {isa = PBXFileReference; lastKnownFileType = image.jpeg; path = "RTFM-Thumb@2x.jpg"; sourceTree = "<group>"; };
		8098B58C238A5F2B00DDCED6 /* WTF-Large.jpg */ = {isa = PBXFileReference; lastKnownFileType = image.jpeg; path = "WTF-Large.jpg"; sourceTree = "<group>"; };
		8098B58D238A5F2B00DDCED6 /* IDK-Thumb@2x.jpg */ = {isa = PBXFileReference; lastKnownFileType = image.jpeg; path = "IDK-Thumb@2x.jpg"; sourceTree = "<group>"; };
		8098B58E238A5F2B00DDCED6 /* TLDR-Thumb.jpg */ = {isa = PBXFileReference; lastKnownFileType = image.jpeg; path = "TLDR-Thumb.jpg"; sourceTree = "<group>"; };
		8098B58F238A5F2B00DDCED6 /* BRB-Thumb.jpg */ = {isa = PBXFileReference; lastKnownFileType = image.jpeg; path = "BRB-Thumb.jpg"; sourceTree = "<group>"; };
		8098B590238A5F2B00DDCED6 /* ROFL-Thumb@2x.jpg */ = {isa = PBXFileReference; lastKnownFileType = image.jpeg; path = "ROFL-Thumb@2x.jpg"; sourceTree = "<group>"; };
		8098B591238A5F2B00DDCED6 /* IMHO-Large.jpg */ = {isa = PBXFileReference; lastKnownFileType = image.jpeg; path = "IMHO-Large.jpg"; sourceTree = "<group>"; };
		8098B592238A5F2B00DDCED6 /* OMG-Thumb.jpg */ = {isa = PBXFileReference; lastKnownFileType = image.jpeg; path = "OMG-Thumb.jpg"; sourceTree = "<group>"; };
		8098B593238A5F2B00DDCED6 /* LOL-Thumb.jpg */ = {isa = PBXFileReference; lastKnownFileType = image.jpeg; path = "LOL-Thumb.jpg"; sourceTree = "<group>"; };
		8098B594238A5F2B00DDCED6 /* IDK-Thumb@3x.jpg */ = {isa = PBXFileReference; lastKnownFileType = image.jpeg; path = "IDK-Thumb@3x.jpg"; sourceTree = "<group>"; };
		8098B595238A5F2B00DDCED6 /* BRB-Large.jpg */ = {isa = PBXFileReference; lastKnownFileType = image.jpeg; path = "BRB-Large.jpg"; sourceTree = "<group>"; };
		8098B596238A5F2B00DDCED6 /* RTFM-Large.jpg */ = {isa = PBXFileReference; lastKnownFileType = image.jpeg; path = "RTFM-Large.jpg"; sourceTree = "<group>"; };
		8098B597238A5F2B00DDCED6 /* TLDR-Large.jpg */ = {isa = PBXFileReference; lastKnownFileType = image.jpeg; path = "TLDR-Large.jpg"; sourceTree = "<group>"; };
		8098B598238A5F2C00DDCED6 /* WTF-Thumb.jpg */ = {isa = PBXFileReference; lastKnownFileType = image.jpeg; path = "WTF-Thumb.jpg"; sourceTree = "<group>"; };
		8098B599238A5F2C00DDCED6 /* LMAO-Thumb@2x.jpg */ = {isa = PBXFileReference; lastKnownFileType = image.jpeg; path = "LMAO-Thumb@2x.jpg"; sourceTree = "<group>"; };
		8098B59A238A5F2C00DDCED6 /* IMHO-Thumb@3x.jpg */ = {isa = PBXFileReference; lastKnownFileType = image.jpeg; path = "IMHO-Thumb@3x.jpg"; sourceTree = "<group>"; };
		8098B59B238A5F2C00DDCED6 /* WTF-Thumb@3x.jpg */ = {isa = PBXFileReference; lastKnownFileType = image.jpeg; path = "WTF-Thumb@3x.jpg"; sourceTree = "<group>"; };
		8098B59C238A5F2C00DDCED6 /* LOL-Thumb@3x.jpg */ = {isa = PBXFileReference; lastKnownFileType = image.jpeg; path = "LOL-Thumb@3x.jpg"; sourceTree = "<group>"; };
		8098B59D238A5F2C00DDCED6 /* ROFL-Thumb.jpg */ = {isa = PBXFileReference; lastKnownFileType = image.jpeg; path = "ROFL-Thumb.jpg"; sourceTree = "<group>"; };
		8098B59E238A5F2C00DDCED6 /* IDK-Large.jpg */ = {isa = PBXFileReference; lastKnownFileType = image.jpeg; path = "IDK-Large.jpg"; sourceTree = "<group>"; };
		8098B59F238A5F2C00DDCED6 /* BTW-Thumb.jpg */ = {isa = PBXFileReference; lastKnownFileType = image.jpeg; path = "BTW-Thumb.jpg"; sourceTree = "<group>"; };
		8098B5A0238A5F2C00DDCED6 /* BTW-Thumb@2x.jpg */ = {isa = PBXFileReference; lastKnownFileType = image.jpeg; path = "BTW-Thumb@2x.jpg"; sourceTree = "<group>"; };
		8098B5A1238A5F2C00DDCED6 /* OMG-Thumb@2x.jpg */ = {isa = PBXFileReference; lastKnownFileType = image.jpeg; path = "OMG-Thumb@2x.jpg"; sourceTree = "<group>"; };
		8098B5A2238A5F2C00DDCED6 /* ROFL-Large.jpg */ = {isa = PBXFileReference; lastKnownFileType = image.jpeg; path = "ROFL-Large.jpg"; sourceTree = "<group>"; };
		8098B5A3238A5F2C00DDCED6 /* ROFL-Thumb@3x.jpg */ = {isa = PBXFileReference; lastKnownFileType = image.jpeg; path = "ROFL-Thumb@3x.jpg"; sourceTree = "<group>"; };
		8098B5A4238A5F2C00DDCED6 /* IDK-Thumb.jpg */ = {isa = PBXFileReference; lastKnownFileType = image.jpeg; path = "IDK-Thumb.jpg"; sourceTree = "<group>"; };
		8098B5A5238A5F2D00DDCED6 /* IRL-Thumb@2x.jpg */ = {isa = PBXFileReference; lastKnownFileType = image.jpeg; path = "IRL-Thumb@2x.jpg"; sourceTree = "<group>"; };
		8098B5A6238A5F2D00DDCED6 /* LOL-Large.jpg */ = {isa = PBXFileReference; lastKnownFileType = image.jpeg; path = "LOL-Large.jpg"; sourceTree = "<group>"; };
		8098B5A7238A5F2D00DDCED6 /* RTFM-Thumb@3x.jpg */ = {isa = PBXFileReference; lastKnownFileType = image.jpeg; path = "RTFM-Thumb@3x.jpg"; sourceTree = "<group>"; };
		8098B5A8238A5F2D00DDCED6 /* TLDR-Thumb@2x.jpg */ = {isa = PBXFileReference; lastKnownFileType = image.jpeg; path = "TLDR-Thumb@2x.jpg"; sourceTree = "<group>"; };
		8098B5A9238A5F2D00DDCED6 /* OMG-Large.jpg */ = {isa = PBXFileReference; lastKnownFileType = image.jpeg; path = "OMG-Large.jpg"; sourceTree = "<group>"; };
		8098B5AA238A5F2D00DDCED6 /* IRL-Thumb@3x.jpg */ = {isa = PBXFileReference; lastKnownFileType = image.jpeg; path = "IRL-Thumb@3x.jpg"; sourceTree = "<group>"; };
		8098B5AB238A5F2D00DDCED6 /* LMAO-Large.jpg */ = {isa = PBXFileReference; lastKnownFileType = image.jpeg; path = "LMAO-Large.jpg"; sourceTree = "<group>"; };
		8098B5AC238A5F2D00DDCED6 /* BTW-Large.jpg */ = {isa = PBXFileReference; lastKnownFileType = image.jpeg; path = "BTW-Large.jpg"; sourceTree = "<group>"; };
		8098B5AD238A5F2E00DDCED6 /* RTFM-Thumb.jpg */ = {isa = PBXFileReference; lastKnownFileType = image.jpeg; path = "RTFM-Thumb.jpg"; sourceTree = "<group>"; };
		8098B5AE238A5F2E00DDCED6 /* OMG-Thumb@3x.jpg */ = {isa = PBXFileReference; lastKnownFileType = image.jpeg; path = "OMG-Thumb@3x.jpg"; sourceTree = "<group>"; };
		8098B5AF238A5F2E00DDCED6 /* BRB-Thumb@2x.jpg */ = {isa = PBXFileReference; lastKnownFileType = image.jpeg; path = "BRB-Thumb@2x.jpg"; sourceTree = "<group>"; };
		8098B5B0238A5F2E00DDCED6 /* IMHO-Thumb.jpg */ = {isa = PBXFileReference; lastKnownFileType = image.jpeg; path = "IMHO-Thumb.jpg"; sourceTree = "<group>"; };
		8098B5B1238A5F2E00DDCED6 /* IMHO-Thumb@2x.jpg */ = {isa = PBXFileReference; lastKnownFileType = image.jpeg; path = "IMHO-Thumb@2x.jpg"; sourceTree = "<group>"; };
		8098B5B2238A5F2E00DDCED6 /* BTW-Thumb@3x.jpg */ = {isa = PBXFileReference; lastKnownFileType = image.jpeg; path = "BTW-Thumb@3x.jpg"; sourceTree = "<group>"; };
/* End PBXFileReference section */

/* Begin PBXFrameworksBuildPhase section */
		8098B569238A5A0C00DDCED6 /* Frameworks */ = {
			isa = PBXFrameworksBuildPhase;
			buildActionMask = 2147483647;
			files = (
			);
			runOnlyForDeploymentPostprocessing = 0;
		};
/* End PBXFrameworksBuildPhase section */

/* Begin PBXGroup section */
		8098B563238A5A0C00DDCED6 = {
			isa = PBXGroup;
			children = (
				8098B56E238A5A0C00DDCED6 /* ImageTable */,
				8098B56D238A5A0C00DDCED6 /* Products */,
			);
			sourceTree = "<group>";
		};
		8098B56D238A5A0C00DDCED6 /* Products */ = {
			isa = PBXGroup;
			children = (
				8098B56C238A5A0C00DDCED6 /* ImageTable.app */,
			);
			name = Products;
			sourceTree = "<group>";
		};
		8098B56E238A5A0C00DDCED6 /* ImageTable */ = {
			isa = PBXGroup;
			children = (
				8098B56F238A5A0C00DDCED6 /* AppDelegate.swift */,
				8098B571238A5A0C00DDCED6 /* SceneDelegate.swift */,
				8098B573238A5A0C00DDCED6 /* ViewController.swift */,
				8098B575238A5A0C00DDCED6 /* Main.storyboard */,
				8098B578238A5A0E00DDCED6 /* Assets.xcassets */,
				8098B57A238A5A0E00DDCED6 /* LaunchScreen.storyboard */,
				8098B57D238A5A0E00DDCED6 /* Info.plist */,
				8098B5E5238A63D500DDCED6 /* Supporting Files */,
			);
			path = ImageTable;
			sourceTree = "<group>";
		};
		8098B5E5238A63D500DDCED6 /* Supporting Files */ = {
			isa = PBXGroup;
			children = (
				8098B5E6238A63E100DDCED6 /* Contents */,
			);
			path = "Supporting Files";
			sourceTree = "<group>";
		};
		8098B5E6238A63E100DDCED6 /* Contents */ = {
			isa = PBXGroup;
			children = (
				8098B595238A5F2B00DDCED6 /* BRB-Large.jpg */,
				8098B58F238A5F2B00DDCED6 /* BRB-Thumb.jpg */,
				8098B5AF238A5F2E00DDCED6 /* BRB-Thumb@2x.jpg */,
				8098B584238A5F2A00DDCED6 /* BRB-Thumb@3x.jpg */,
				8098B5AC238A5F2D00DDCED6 /* BTW-Large.jpg */,
				8098B59F238A5F2C00DDCED6 /* BTW-Thumb.jpg */,
				8098B5A0238A5F2C00DDCED6 /* BTW-Thumb@2x.jpg */,
				8098B5B2238A5F2E00DDCED6 /* BTW-Thumb@3x.jpg */,
				8098B59E238A5F2C00DDCED6 /* IDK-Large.jpg */,
				8098B5A4238A5F2C00DDCED6 /* IDK-Thumb.jpg */,
				8098B58D238A5F2B00DDCED6 /* IDK-Thumb@2x.jpg */,
				8098B594238A5F2B00DDCED6 /* IDK-Thumb@3x.jpg */,
				8098B591238A5F2B00DDCED6 /* IMHO-Large.jpg */,
				8098B5B0238A5F2E00DDCED6 /* IMHO-Thumb.jpg */,
				8098B5B1238A5F2E00DDCED6 /* IMHO-Thumb@2x.jpg */,
				8098B59A238A5F2C00DDCED6 /* IMHO-Thumb@3x.jpg */,
				8098B583238A5F2A00DDCED6 /* IRL-Large.jpg */,
				8098B587238A5F2B00DDCED6 /* IRL-Thumb.jpg */,
				8098B5A5238A5F2D00DDCED6 /* IRL-Thumb@2x.jpg */,
				8098B5AA238A5F2D00DDCED6 /* IRL-Thumb@3x.jpg */,
				8098B5AB238A5F2D00DDCED6 /* LMAO-Large.jpg */,
				8098B589238A5F2B00DDCED6 /* LMAO-Thumb.jpg */,
				8098B599238A5F2C00DDCED6 /* LMAO-Thumb@2x.jpg */,
				8098B58A238A5F2B00DDCED6 /* LMAO-Thumb@3x.jpg */,
				8098B5A6238A5F2D00DDCED6 /* LOL-Large.jpg */,
				8098B593238A5F2B00DDCED6 /* LOL-Thumb.jpg */,
				8098B585238A5F2A00DDCED6 /* LOL-Thumb@2x.jpg */,
				8098B59C238A5F2C00DDCED6 /* LOL-Thumb@3x.jpg */,
				8098B5A9238A5F2D00DDCED6 /* OMG-Large.jpg */,
				8098B592238A5F2B00DDCED6 /* OMG-Thumb.jpg */,
				8098B5A1238A5F2C00DDCED6 /* OMG-Thumb@2x.jpg */,
				8098B5AE238A5F2E00DDCED6 /* OMG-Thumb@3x.jpg */,
				8098B5A2238A5F2C00DDCED6 /* ROFL-Large.jpg */,
				8098B59D238A5F2C00DDCED6 /* ROFL-Thumb.jpg */,
				8098B590238A5F2B00DDCED6 /* ROFL-Thumb@2x.jpg */,
				8098B5A3238A5F2C00DDCED6 /* ROFL-Thumb@3x.jpg */,
				8098B596238A5F2B00DDCED6 /* RTFM-Large.jpg */,
				8098B5AD238A5F2E00DDCED6 /* RTFM-Thumb.jpg */,
				8098B58B238A5F2B00DDCED6 /* RTFM-Thumb@2x.jpg */,
				8098B5A7238A5F2D00DDCED6 /* RTFM-Thumb@3x.jpg */,
				8098B597238A5F2B00DDCED6 /* TLDR-Large.jpg */,
				8098B58E238A5F2B00DDCED6 /* TLDR-Thumb.jpg */,
				8098B5A8238A5F2D00DDCED6 /* TLDR-Thumb@2x.jpg */,
				8098B586238A5F2A00DDCED6 /* TLDR-Thumb@3x.jpg */,
				8098B58C238A5F2B00DDCED6 /* WTF-Large.jpg */,
				8098B598238A5F2C00DDCED6 /* WTF-Thumb.jpg */,
				8098B588238A5F2B00DDCED6 /* WTF-Thumb@2x.jpg */,
				8098B59B238A5F2C00DDCED6 /* WTF-Thumb@3x.jpg */,
			);
			path = Contents;
			sourceTree = "<group>";
		};
/* End PBXGroup section */

/* Begin PBXNativeTarget section */
		8098B56B238A5A0C00DDCED6 /* ImageTable */ = {
			isa = PBXNativeTarget;
			buildConfigurationList = 8098B580238A5A0E00DDCED6 /* Build configuration list for PBXNativeTarget "ImageTable" */;
			buildPhases = (
				8098B568238A5A0C00DDCED6 /* Sources */,
				8098B569238A5A0C00DDCED6 /* Frameworks */,
				8098B56A238A5A0C00DDCED6 /* Resources */,
			);
			buildRules = (
			);
			dependencies = (
			);
			name = ImageTable;
			productName = ImageTable;
			productReference = 8098B56C238A5A0C00DDCED6 /* ImageTable.app */;
			productType = "com.apple.product-type.application";
		};
/* End PBXNativeTarget section */

/* Begin PBXProject section */
		8098B564238A5A0C00DDCED6 /* Project object */ = {
			isa = PBXProject;
			attributes = {
				LastSwiftUpdateCheck = 1120;
				LastUpgradeCheck = 1120;
				ORGANIZATIONNAME = "Keishin CHOU";
				TargetAttributes = {
					8098B56B238A5A0C00DDCED6 = {
						CreatedOnToolsVersion = 11.2.1;
					};
				};
			};
			buildConfigurationList = 8098B567238A5A0C00DDCED6 /* Build configuration list for PBXProject "ImageTable" */;
			compatibilityVersion = "Xcode 9.3";
			developmentRegion = en;
			hasScannedForEncodings = 0;
			knownRegions = (
				en,
				Base,
			);
			mainGroup = 8098B563238A5A0C00DDCED6;
			productRefGroup = 8098B56D238A5A0C00DDCED6 /* Products */;
			projectDirPath = "";
			projectRoot = "";
			targets = (
				8098B56B238A5A0C00DDCED6 /* ImageTable */,
			);
		};
/* End PBXProject section */

/* Begin PBXResourcesBuildPhase section */
		8098B56A238A5A0C00DDCED6 /* Resources */ = {
			isa = PBXResourcesBuildPhase;
			buildActionMask = 2147483647;
			files = (
				8098B5DC238A5F2F00DDCED6 /* BTW-Large.jpg in Resources */,
				8098B5C3238A5F2F00DDCED6 /* LOL-Thumb.jpg in Resources */,
				8098B5C1238A5F2F00DDCED6 /* IMHO-Large.jpg in Resources */,
				8098B5CE238A5F2F00DDCED6 /* IDK-Large.jpg in Resources */,
				8098B5C8238A5F2F00DDCED6 /* WTF-Thumb.jpg in Resources */,
				8098B5B7238A5F2F00DDCED6 /* IRL-Thumb.jpg in Resources */,
				8098B5BC238A5F2F00DDCED6 /* WTF-Large.jpg in Resources */,
				8098B5D4238A5F2F00DDCED6 /* IDK-Thumb.jpg in Resources */,
				8098B5D5238A5F2F00DDCED6 /* IRL-Thumb@2x.jpg in Resources */,
				8098B5DD238A5F2F00DDCED6 /* RTFM-Thumb.jpg in Resources */,
				8098B57C238A5A0E00DDCED6 /* LaunchScreen.storyboard in Resources */,
				8098B5B8238A5F2F00DDCED6 /* WTF-Thumb@2x.jpg in Resources */,
				8098B5E1238A5F2F00DDCED6 /* IMHO-Thumb@2x.jpg in Resources */,
				8098B5DF238A5F2F00DDCED6 /* BRB-Thumb@2x.jpg in Resources */,
				8098B5D0238A5F2F00DDCED6 /* BTW-Thumb@2x.jpg in Resources */,
				8098B5DE238A5F2F00DDCED6 /* OMG-Thumb@3x.jpg in Resources */,
				8098B5BA238A5F2F00DDCED6 /* LMAO-Thumb@3x.jpg in Resources */,
				8098B5BB238A5F2F00DDCED6 /* RTFM-Thumb@2x.jpg in Resources */,
				8098B5D1238A5F2F00DDCED6 /* OMG-Thumb@2x.jpg in Resources */,
				8098B579238A5A0E00DDCED6 /* Assets.xcassets in Resources */,
				8098B5B4238A5F2F00DDCED6 /* BRB-Thumb@3x.jpg in Resources */,
				8098B5C5238A5F2F00DDCED6 /* BRB-Large.jpg in Resources */,
				8098B5D2238A5F2F00DDCED6 /* ROFL-Large.jpg in Resources */,
				8098B5CC238A5F2F00DDCED6 /* LOL-Thumb@3x.jpg in Resources */,
				8098B5E0238A5F2F00DDCED6 /* IMHO-Thumb.jpg in Resources */,
				8098B5CB238A5F2F00DDCED6 /* WTF-Thumb@3x.jpg in Resources */,
				8098B5C7238A5F2F00DDCED6 /* TLDR-Large.jpg in Resources */,
				8098B5D3238A5F2F00DDCED6 /* ROFL-Thumb@3x.jpg in Resources */,
				8098B5BD238A5F2F00DDCED6 /* IDK-Thumb@2x.jpg in Resources */,
				8098B5C2238A5F2F00DDCED6 /* OMG-Thumb.jpg in Resources */,
				8098B577238A5A0C00DDCED6 /* Main.storyboard in Resources */,
				8098B5C4238A5F2F00DDCED6 /* IDK-Thumb@3x.jpg in Resources */,
				8098B5D6238A5F2F00DDCED6 /* LOL-Large.jpg in Resources */,
				8098B5B3238A5F2F00DDCED6 /* IRL-Large.jpg in Resources */,
				8098B5BE238A5F2F00DDCED6 /* TLDR-Thumb.jpg in Resources */,
				8098B5CF238A5F2F00DDCED6 /* BTW-Thumb.jpg in Resources */,
				8098B5CD238A5F2F00DDCED6 /* ROFL-Thumb.jpg in Resources */,
				8098B5B6238A5F2F00DDCED6 /* TLDR-Thumb@3x.jpg in Resources */,
				8098B5D8238A5F2F00DDCED6 /* TLDR-Thumb@2x.jpg in Resources */,
				8098B5C9238A5F2F00DDCED6 /* LMAO-Thumb@2x.jpg in Resources */,
				8098B5D7238A5F2F00DDCED6 /* RTFM-Thumb@3x.jpg in Resources */,
				8098B5E2238A5F2F00DDCED6 /* BTW-Thumb@3x.jpg in Resources */,
				8098B5C0238A5F2F00DDCED6 /* ROFL-Thumb@2x.jpg in Resources */,
				8098B5B5238A5F2F00DDCED6 /* LOL-Thumb@2x.jpg in Resources */,
				8098B5C6238A5F2F00DDCED6 /* RTFM-Large.jpg in Resources */,
				8098B5B9238A5F2F00DDCED6 /* LMAO-Thumb.jpg in Resources */,
				8098B5DA238A5F2F00DDCED6 /* IRL-Thumb@3x.jpg in Resources */,
				8098B5CA238A5F2F00DDCED6 /* IMHO-Thumb@3x.jpg in Resources */,
				8098B5BF238A5F2F00DDCED6 /* BRB-Thumb.jpg in Resources */,
				8098B5DB238A5F2F00DDCED6 /* LMAO-Large.jpg in Resources */,
				8098B5D9238A5F2F00DDCED6 /* OMG-Large.jpg in Resources */,
			);
			runOnlyForDeploymentPostprocessing = 0;
		};
/* End PBXResourcesBuildPhase section */

/* Begin PBXSourcesBuildPhase section */
		8098B568238A5A0C00DDCED6 /* Sources */ = {
			isa = PBXSourcesBuildPhase;
			buildActionMask = 2147483647;
			files = (
				8098B574238A5A0C00DDCED6 /* ViewController.swift in Sources */,
				8098B570238A5A0C00DDCED6 /* AppDelegate.swift in Sources */,
				8098B572238A5A0C00DDCED6 /* SceneDelegate.swift in Sources */,
			);
			runOnlyForDeploymentPostprocessing = 0;
		};
/* End PBXSourcesBuildPhase section */

/* Begin PBXVariantGroup section */
		8098B575238A5A0C00DDCED6 /* Main.storyboard */ = {
			isa = PBXVariantGroup;
			children = (
				8098B576238A5A0C00DDCED6 /* Base */,
			);
			name = Main.storyboard;
			sourceTree = "<group>";
		};
		8098B57A238A5A0E00DDCED6 /* LaunchScreen.storyboard */ = {
			isa = PBXVariantGroup;
			children = (
				8098B57B238A5A0E00DDCED6 /* Base */,
			);
			name = LaunchScreen.storyboard;
			sourceTree = "<group>";
		};
/* End PBXVariantGroup section */

/* Begin XCBuildConfiguration section */
		8098B57E238A5A0E00DDCED6 /* Debug */ = {
			isa = XCBuildConfiguration;
			buildSettings = {
				ALWAYS_SEARCH_USER_PATHS = NO;
				CLANG_ANALYZER_NONNULL = YES;
				CLANG_ANALYZER_NUMBER_OBJECT_CONVERSION = YES_AGGRESSIVE;
				CLANG_CXX_LANGUAGE_STANDARD = "gnu++14";
				CLANG_CXX_LIBRARY = "libc++";
				CLANG_ENABLE_MODULES = YES;
				CLANG_ENABLE_OBJC_ARC = YES;
				CLANG_ENABLE_OBJC_WEAK = YES;
				CLANG_WARN_BLOCK_CAPTURE_AUTORELEASING = YES;
				CLANG_WARN_BOOL_CONVERSION = YES;
				CLANG_WARN_COMMA = YES;
				CLANG_WARN_CONSTANT_CONVERSION = YES;
				CLANG_WARN_DEPRECATED_OBJC_IMPLEMENTATIONS = YES;
				CLANG_WARN_DIRECT_OBJC_ISA_USAGE = YES_ERROR;
				CLANG_WARN_DOCUMENTATION_COMMENTS = YES;
				CLANG_WARN_EMPTY_BODY = YES;
				CLANG_WARN_ENUM_CONVERSION = YES;
				CLANG_WARN_INFINITE_RECURSION = YES;
				CLANG_WARN_INT_CONVERSION = YES;
				CLANG_WARN_NON_LITERAL_NULL_CONVERSION = YES;
				CLANG_WARN_OBJC_IMPLICIT_RETAIN_SELF = YES;
				CLANG_WARN_OBJC_LITERAL_CONVERSION = YES;
				CLANG_WARN_OBJC_ROOT_CLASS = YES_ERROR;
				CLANG_WARN_RANGE_LOOP_ANALYSIS = YES;
				CLANG_WARN_STRICT_PROTOTYPES = YES;
				CLANG_WARN_SUSPICIOUS_MOVE = YES;
				CLANG_WARN_UNGUARDED_AVAILABILITY = YES_AGGRESSIVE;
				CLANG_WARN_UNREACHABLE_CODE = YES;
				CLANG_WARN__DUPLICATE_METHOD_MATCH = YES;
				COPY_PHASE_STRIP = NO;
				DEBUG_INFORMATION_FORMAT = dwarf;
				ENABLE_STRICT_OBJC_MSGSEND = YES;
				ENABLE_TESTABILITY = YES;
				GCC_C_LANGUAGE_STANDARD = gnu11;
				GCC_DYNAMIC_NO_PIC = NO;
				GCC_NO_COMMON_BLOCKS = YES;
				GCC_OPTIMIZATION_LEVEL = 0;
				GCC_PREPROCESSOR_DEFINITIONS = (
					"DEBUG=1",
					"$(inherited)",
				);
				GCC_WARN_64_TO_32_BIT_CONVERSION = YES;
				GCC_WARN_ABOUT_RETURN_TYPE = YES_ERROR;
				GCC_WARN_UNDECLARED_SELECTOR = YES;
				GCC_WARN_UNINITIALIZED_AUTOS = YES_AGGRESSIVE;
				GCC_WARN_UNUSED_FUNCTION = YES;
				GCC_WARN_UNUSED_VARIABLE = YES;
				IPHONEOS_DEPLOYMENT_TARGET = 13.2;
				MTL_ENABLE_DEBUG_INFO = INCLUDE_SOURCE;
				MTL_FAST_MATH = YES;
				ONLY_ACTIVE_ARCH = YES;
				SDKROOT = iphoneos;
				SWIFT_ACTIVE_COMPILATION_CONDITIONS = DEBUG;
				SWIFT_OPTIMIZATION_LEVEL = "-Onone";
			};
			name = Debug;
		};
		8098B57F238A5A0E00DDCED6 /* Release */ = {
			isa = XCBuildConfiguration;
			buildSettings = {
				ALWAYS_SEARCH_USER_PATHS = NO;
				CLANG_ANALYZER_NONNULL = YES;
				CLANG_ANALYZER_NUMBER_OBJECT_CONVERSION = YES_AGGRESSIVE;
				CLANG_CXX_LANGUAGE_STANDARD = "gnu++14";
				CLANG_CXX_LIBRARY = "libc++";
				CLANG_ENABLE_MODULES = YES;
				CLANG_ENABLE_OBJC_ARC = YES;
				CLANG_ENABLE_OBJC_WEAK = YES;
				CLANG_WARN_BLOCK_CAPTURE_AUTORELEASING = YES;
				CLANG_WARN_BOOL_CONVERSION = YES;
				CLANG_WARN_COMMA = YES;
				CLANG_WARN_CONSTANT_CONVERSION = YES;
				CLANG_WARN_DEPRECATED_OBJC_IMPLEMENTATIONS = YES;
				CLANG_WARN_DIRECT_OBJC_ISA_USAGE = YES_ERROR;
				CLANG_WARN_DOCUMENTATION_COMMENTS = YES;
				CLANG_WARN_EMPTY_BODY = YES;
				CLANG_WARN_ENUM_CONVERSION = YES;
				CLANG_WARN_INFINITE_RECURSION = YES;
				CLANG_WARN_INT_CONVERSION = YES;
				CLANG_WARN_NON_LITERAL_NULL_CONVERSION = YES;
				CLANG_WARN_OBJC_IMPLICIT_RETAIN_SELF = YES;
				CLANG_WARN_OBJC_LITERAL_CONVERSION = YES;
				CLANG_WARN_OBJC_ROOT_CLASS = YES_ERROR;
				CLANG_WARN_RANGE_LOOP_ANALYSIS = YES;
				CLANG_WARN_STRICT_PROTOTYPES = YES;
				CLANG_WARN_SUSPICIOUS_MOVE = YES;
				CLANG_WARN_UNGUARDED_AVAILABILITY = YES_AGGRESSIVE;
				CLANG_WARN_UNREACHABLE_CODE = YES;
				CLANG_WARN__DUPLICATE_METHOD_MATCH = YES;
				COPY_PHASE_STRIP = NO;
				DEBUG_INFORMATION_FORMAT = "dwarf-with-dsym";
				ENABLE_NS_ASSERTIONS = NO;
				ENABLE_STRICT_OBJC_MSGSEND = YES;
				GCC_C_LANGUAGE_STANDARD = gnu11;
				GCC_NO_COMMON_BLOCKS = YES;
				GCC_WARN_64_TO_32_BIT_CONVERSION = YES;
				GCC_WARN_ABOUT_RETURN_TYPE = YES_ERROR;
				GCC_WARN_UNDECLARED_SELECTOR = YES;
				GCC_WARN_UNINITIALIZED_AUTOS = YES_AGGRESSIVE;
				GCC_WARN_UNUSED_FUNCTION = YES;
				GCC_WARN_UNUSED_VARIABLE = YES;
				IPHONEOS_DEPLOYMENT_TARGET = 13.2;
				MTL_ENABLE_DEBUG_INFO = NO;
				MTL_FAST_MATH = YES;
				SDKROOT = iphoneos;
				SWIFT_COMPILATION_MODE = wholemodule;
				SWIFT_OPTIMIZATION_LEVEL = "-O";
				VALIDATE_PRODUCT = YES;
			};
			name = Release;
		};
		8098B581238A5A0E00DDCED6 /* Debug */ = {
			isa = XCBuildConfiguration;
			buildSettings = {
				ASSETCATALOG_COMPILER_APPICON_NAME = AppIcon;
				CODE_SIGN_STYLE = Automatic;
				DEVELOPMENT_TEAM = VR8K5GN7PS;
				INFOPLIST_FILE = ImageTable/Info.plist;
				LD_RUNPATH_SEARCH_PATHS = (
					"$(inherited)",
					"@executable_path/Frameworks",
				);
				PRODUCT_BUNDLE_IDENTIFIER = com.HackingWithSwiftPractice.Keishin.ImageTable;
				PRODUCT_NAME = "$(TARGET_NAME)";
				SWIFT_VERSION = 5.0;
				TARGETED_DEVICE_FAMILY = "1,2";
			};
			name = Debug;
		};
		8098B582238A5A0E00DDCED6 /* Release */ = {
			isa = XCBuildConfiguration;
			buildSettings = {
				ASSETCATALOG_COMPILER_APPICON_NAME = AppIcon;
				CODE_SIGN_STYLE = Automatic;
				DEVELOPMENT_TEAM = VR8K5GN7PS;
				INFOPLIST_FILE = ImageTable/Info.plist;
				LD_RUNPATH_SEARCH_PATHS = (
					"$(inherited)",
					"@executable_path/Frameworks",
				);
				PRODUCT_BUNDLE_IDENTIFIER = com.HackingWithSwiftPractice.Keishin.ImageTable;
				PRODUCT_NAME = "$(TARGET_NAME)";
				SWIFT_VERSION = 5.0;
				TARGETED_DEVICE_FAMILY = "1,2";
			};
			name = Release;
		};
/* End XCBuildConfiguration section */

/* Begin XCConfigurationList section */
		8098B567238A5A0C00DDCED6 /* Build configuration list for PBXProject "ImageTable" */ = {
			isa = XCConfigurationList;
			buildConfigurations = (
				8098B57E238A5A0E00DDCED6 /* Debug */,
				8098B57F238A5A0E00DDCED6 /* Release */,
			);
			defaultConfigurationIsVisible = 0;
			defaultConfigurationName = Release;
		};
		8098B580238A5A0E00DDCED6 /* Build configuration list for PBXNativeTarget "ImageTable" */ = {
			isa = XCConfigurationList;
			buildConfigurations = (
				8098B581238A5A0E00DDCED6 /* Debug */,
				8098B582238A5A0E00DDCED6 /* Release */,
			);
			defaultConfigurationIsVisible = 0;
			defaultConfigurationName = Release;
		};
/* End XCConfigurationList section */
	};
	rootObject = 8098B564238A5A0C00DDCED6 /* Project object */;
}
